
Microsoft Visual Studio Solution File, Format Version 11.00
# Visual Studio 2010
Project("{2150E333-8FDC-42A3-9474-1A3956D46DE8}") = "settings", "settings", "{C4984AC1-6443-4E81-BC32-844DC1FF6A75}"
	ProjectSection(SolutionItems) = preProject
		Beeline.5.1.ReSharper = Beeline.5.1.ReSharper
		Indentation.vssettings = Indentation.vssettings
		nuget.config = nuget.config
		Settings.FxCop = Settings.FxCop
		Settings.StyleCop = Settings.StyleCop
		SolutionEvents_Opened.macro = SolutionEvents_Opened.macro
	EndProjectSection
EndProject
Project("{2150E333-8FDC-42A3-9474-1A3956D46DE8}") = "doc", "doc", "{01F67159-9800-4463-8C13-54BC725B3D50}"
	ProjectSection(SolutionItems) = preProject
		..\LICENSE = ..\LICENSE
		..\README.md = ..\README.md
	EndProjectSection
EndProject
Project("{2150E333-8FDC-42A3-9474-1A3956D46DE8}") = "build", "build", "{EDAA91FD-627A-46B6-AE18-AB6D084C1359}"
EndProject
Project("{2150E333-8FDC-42A3-9474-1A3956D46DE8}") = "proj", "proj", "{D8023CE5-E17E-4120-86B4-DF1C23409B22}"
EndProject
Project("{2150E333-8FDC-42A3-9474-1A3956D46DE8}") = "tests", "tests", "{0DCCC327-BE31-4F7F-9DAD-1AB42DBF6C27}"
EndProject
Project("{FAE04EC0-301F-11D3-BF4B-00C04F79EFBC}") = "Beeline", "Beeline\Beeline.csproj", "{058E220D-A118-4D7C-996A-A899E005DC98}"
EndProject
Project("{FAE04EC0-301F-11D3-BF4B-00C04F79EFBC}") = "Beeline.Example", "..\tests\Beeline.Example\Beeline.Example.csproj", "{722AACB5-DF2A-4DDA-8041-3CB97B2D1C56}"
EndProject
Project("{FAE04EC0-301F-11D3-BF4B-00C04F79EFBC}") = "Beeline.Tests", "..\tests\Beeline.Tests\Beeline.Tests.csproj", "{DB92BE3E-94BD-4FBC-A6E3-8CFFF7B214CA}"
EndProject
Global
	GlobalSection(SolutionConfigurationPlatforms) = preSolution
		Debug|Any CPU = Debug|Any CPU
		Release|Any CPU = Release|Any CPU
	EndGlobalSection
	GlobalSection(ProjectConfigurationPlatforms) = postSolution
		{058E220D-A118-4D7C-996A-A899E005DC98}.Debug|Any CPU.ActiveCfg = Debug|Any CPU
		{058E220D-A118-4D7C-996A-A899E005DC98}.Debug|Any CPU.Build.0 = Debug|Any CPU
		{058E220D-A118-4D7C-996A-A899E005DC98}.Release|Any CPU.ActiveCfg = Release|Any CPU
		{058E220D-A118-4D7C-996A-A899E005DC98}.Release|Any CPU.Build.0 = Release|Any CPU
		{722AACB5-DF2A-4DDA-8041-3CB97B2D1C56}.Debug|Any CPU.ActiveCfg = Debug|Any CPU
		{722AACB5-DF2A-4DDA-8041-3CB97B2D1C56}.Debug|Any CPU.Build.0 = Debug|Any CPU
		{722AACB5-DF2A-4DDA-8041-3CB97B2D1C56}.Release|Any CPU.ActiveCfg = Release|Any CPU
		{722AACB5-DF2A-4DDA-8041-3CB97B2D1C56}.Release|Any CPU.Build.0 = Release|Any CPU
		{DB92BE3E-94BD-4FBC-A6E3-8CFFF7B214CA}.Debug|Any CPU.ActiveCfg = Debug|Any CPU
		{DB92BE3E-94BD-4FBC-A6E3-8CFFF7B214CA}.Debug|Any CPU.Build.0 = Debug|Any CPU
		{DB92BE3E-94BD-4FBC-A6E3-8CFFF7B214CA}.Release|Any CPU.ActiveCfg = Release|Any CPU
		{DB92BE3E-94BD-4FBC-A6E3-8CFFF7B214CA}.Release|Any CPU.Build.0 = Release|Any CPU
	EndGlobalSection
	GlobalSection(SolutionProperties) = preSolution
		HideSolutionNode = FALSE
	EndGlobalSection
	GlobalSection(NestedProjects) = preSolution
		{058E220D-A118-4D7C-996A-A899E005DC98} = {D8023CE5-E17E-4120-86B4-DF1C23409B22}
		{722AACB5-DF2A-4DDA-8041-3CB97B2D1C56} = {0DCCC327-BE31-4F7F-9DAD-1AB42DBF6C27}
		{DB92BE3E-94BD-4FBC-A6E3-8CFFF7B214CA} = {0DCCC327-BE31-4F7F-9DAD-1AB42DBF6C27}
	EndGlobalSection
EndGlobal
